
Microsoft Visual Studio Solution File, Format Version 12.00
# Visual Studio Version 17
VisualStudioVersion = 17.6.33815.320
MinimumVisualStudioVersion = 10.0.40219.1
Project("{FAE04EC0-301F-11D3-BF4B-00C04F79EFBC}") = "MultiWiz", "MultiWiz\MultiWiz.csproj", "{2A8C8EFF-9454-4D1A-B063-03C682F8C06F}"
EndProject
Global
	GlobalSection(SolutionConfigurationPlatforms) = preSolution
		Debug|Any CPU = Debug|Any CPU
		Release|Any CPU = Release|Any CPU
	EndGlobalSection
	GlobalSection(ProjectConfigurationPlatforms) = postSolution
		{2A8C8EFF-9454-4D1A-B063-03C682F8C06F}.Debug|Any CPU.ActiveCfg = Debug|Any CPU
		{2A8C8EFF-9454-4D1A-B063-03C682F8C06F}.Debug|Any CPU.Build.0 = Debug|Any CPU
		{2A8C8EFF-9454-4D1A-B063-03C682F8C06F}.Release|Any CPU.ActiveCfg = Release|Any CPU
		{2A8C8EFF-9454-4D1A-B063-03C682F8C06F}.Release|Any CPU.Build.0 = Release|Any CPU
	EndGlobalSection
	GlobalSection(SolutionProperties) = preSolution
		HideSolutionNode = FALSE
	EndGlobalSection
	GlobalSection(ExtensibilityGlobals) = postSolution
		SolutionGuid = {6B6BB219-F25C-46A9-AE04-A2812A0303DB}
	EndGlobalSection
EndGlobal
